
Microsoft Visual Studio Solution File, Format Version 12.00
# Visual Studio Version 16
VisualStudioVersion = 16.0.32228.343
MinimumVisualStudioVersion = 10.0.40219.1
Project("{FAE04EC0-301F-11D3-BF4B-00C04F79EFBC}") = "Primeiro", "Primeiro\Primeiro.csproj", "{C40035B6-38E7-4947-9F4A-F39653117385}"
EndProject
Global
	GlobalSection(SolutionConfigurationPlatforms) = preSolution
		Debug|Any CPU = Debug|Any CPU
		Release|Any CPU = Release|Any CPU
	EndGlobalSection
	GlobalSection(ProjectConfigurationPlatforms) = postSolution
		{C40035B6-38E7-4947-9F4A-F39653117385}.Debug|Any CPU.ActiveCfg = Debug|Any CPU
		{C40035B6-38E7-4947-9F4A-F39653117385}.Debug|Any CPU.Build.0 = Debug|Any CPU
		{C40035B6-38E7-4947-9F4A-F39653117385}.Release|Any CPU.ActiveCfg = Release|Any CPU
		{C40035B6-38E7-4947-9F4A-F39653117385}.Release|Any CPU.Build.0 = Release|Any CPU
	EndGlobalSection
	GlobalSection(SolutionProperties) = preSolution
		HideSolutionNode = FALSE
	EndGlobalSection
	GlobalSection(ExtensibilityGlobals) = postSolution
		SolutionGuid = {A1357549-5FC6-48B9-8553-C2675F95FB50}
	EndGlobalSection
EndGlobal
