
Microsoft Visual Studio Solution File, Format Version 12.00
# Visual Studio Version 16
VisualStudioVersion = 16.0.32228.343
MinimumVisualStudioVersion = 10.0.40219.1
Project("{FAE04EC0-301F-11D3-BF4B-00C04F79EFBC}") = "PedidosItens", "PedidosItens\PedidosItens.csproj", "{FBC55E40-CC48-4342-98E4-1F43C9274589}"
EndProject
Global
	GlobalSection(SolutionConfigurationPlatforms) = preSolution
		Debug|Any CPU = Debug|Any CPU
		Release|Any CPU = Release|Any CPU
	EndGlobalSection
	GlobalSection(ProjectConfigurationPlatforms) = postSolution
		{FBC55E40-CC48-4342-98E4-1F43C9274589}.Debug|Any CPU.ActiveCfg = Debug|Any CPU
		{FBC55E40-CC48-4342-98E4-1F43C9274589}.Debug|Any CPU.Build.0 = Debug|Any CPU
		{FBC55E40-CC48-4342-98E4-1F43C9274589}.Release|Any CPU.ActiveCfg = Release|Any CPU
		{FBC55E40-CC48-4342-98E4-1F43C9274589}.Release|Any CPU.Build.0 = Release|Any CPU
	EndGlobalSection
	GlobalSection(SolutionProperties) = preSolution
		HideSolutionNode = FALSE
	EndGlobalSection
	GlobalSection(ExtensibilityGlobals) = postSolution
		SolutionGuid = {C25BC8F9-3C1A-44B8-A75A-631703514875}
	EndGlobalSection
EndGlobal
