
Microsoft Visual Studio Solution File, Format Version 12.00
# Visual Studio Version 17
VisualStudioVersion = 17.1.32328.378
MinimumVisualStudioVersion = 10.0.40219.1
Project("{FAE04EC0-301F-11D3-BF4B-00C04F79EFBC}") = "FilesData", "FilesData\FilesData.csproj", "{BA86D129-1633-4CCC-B9DA-40E6C2CCE677}"
EndProject
Global
	GlobalSection(SolutionConfigurationPlatforms) = preSolution
		Debug|Any CPU = Debug|Any CPU
		Release|Any CPU = Release|Any CPU
	EndGlobalSection
	GlobalSection(ProjectConfigurationPlatforms) = postSolution
		{BA86D129-1633-4CCC-B9DA-40E6C2CCE677}.Debug|Any CPU.ActiveCfg = Debug|Any CPU
		{BA86D129-1633-4CCC-B9DA-40E6C2CCE677}.Debug|Any CPU.Build.0 = Debug|Any CPU
		{BA86D129-1633-4CCC-B9DA-40E6C2CCE677}.Release|Any CPU.ActiveCfg = Release|Any CPU
		{BA86D129-1633-4CCC-B9DA-40E6C2CCE677}.Release|Any CPU.Build.0 = Release|Any CPU
	EndGlobalSection
	GlobalSection(SolutionProperties) = preSolution
		HideSolutionNode = FALSE
	EndGlobalSection
	GlobalSection(ExtensibilityGlobals) = postSolution
		SolutionGuid = {A8F881FA-A339-477A-B9CA-8A0F2E25A921}
	EndGlobalSection
EndGlobal
